
Microsoft Visual Studio Solution File, Format Version 12.00
# Visual Studio Version 17
VisualStudioVersion = 17.9.34622.214
MinimumVisualStudioVersion = 10.0.40219.1
Project("{FAE04EC0-301F-11D3-BF4B-00C04F79EFBC}") = "00013708_web_application_api", "00013708_web_application_api\00013708_web_application_api.csproj", "{095712A6-F415-4091-85E9-5A570AC2CA49}"
EndProject
Global
	GlobalSection(SolutionConfigurationPlatforms) = preSolution
		Debug|Any CPU = Debug|Any CPU
		Release|Any CPU = Release|Any CPU
	EndGlobalSection
	GlobalSection(ProjectConfigurationPlatforms) = postSolution
		{095712A6-F415-4091-85E9-5A570AC2CA49}.Debug|Any CPU.ActiveCfg = Debug|Any CPU
		{095712A6-F415-4091-85E9-5A570AC2CA49}.Debug|Any CPU.Build.0 = Debug|Any CPU
		{095712A6-F415-4091-85E9-5A570AC2CA49}.Release|Any CPU.ActiveCfg = Release|Any CPU
		{095712A6-F415-4091-85E9-5A570AC2CA49}.Release|Any CPU.Build.0 = Release|Any CPU
	EndGlobalSection
	GlobalSection(SolutionProperties) = preSolution
		HideSolutionNode = FALSE
	EndGlobalSection
	GlobalSection(ExtensibilityGlobals) = postSolution
		SolutionGuid = {27AC2461-1382-4F0E-A60F-1DB6FC9A5F01}
	EndGlobalSection
EndGlobal
